
Microsoft Visual Studio Solution File, Format Version 12.00
# Visual Studio Version 17
VisualStudioVersion = 17.0.31903.59
MinimumVisualStudioVersion = 10.0.40219.1
Project("{2150E333-8FDC-42A3-9474-1A3956D46DE8}") = "src", "src", "{EB62D9FF-D539-4110-85DA-AB5A674B3B7B}"
EndProject
Project("{FAE04EC0-301F-11D3-BF4B-00C04F79EFBC}") = "ForgeFPS.Domain", "src\ForgeFPS.Domain\ForgeFPS.Domain.csproj", "{DEA97E9C-819C-4F4F-A4F9-5002428347FB}"
EndProject
Project("{FAE04EC0-301F-11D3-BF4B-00C04F79EFBC}") = "ForgeFPS.Contracts", "src\ForgeFPS.Contracts\ForgeFPS.Contracts.csproj", "{AFDE648D-D902-4367-97B4-8C068A86C117}"
EndProject
Project("{FAE04EC0-301F-11D3-BF4B-00C04F79EFBC}") = "ForgeFPS.Shared", "src\ForgeFPS.Shared\ForgeFPS.Shared.csproj", "{B24CCD63-8597-463D-9F26-568A4C1B2E37}"
EndProject
Project("{FAE04EC0-301F-11D3-BF4B-00C04F79EFBC}") = "ForgeFPS.Application", "src\ForgeFPS.Application\ForgeFPS.Application.csproj", "{AAD02E70-06AB-408E-83B2-F99ED850700D}"
EndProject
Project("{FAE04EC0-301F-11D3-BF4B-00C04F79EFBC}") = "ForgeFPS.Infrastructure.Windows", "src\ForgeFPS.Infrastructure.Windows\ForgeFPS.Infrastructure.Windows.csproj", "{1FBB046B-8C6D-4235-B273-F27039419F3D}"
EndProject
Project("{FAE04EC0-301F-11D3-BF4B-00C04F79EFBC}") = "ForgeFPS.ElevatedHost", "src\ForgeFPS.ElevatedHost\ForgeFPS.ElevatedHost.csproj", "{8ED532BD-9AAB-40A8-A85E-3F3C4E200EBC}"
EndProject
Project("{FAE04EC0-301F-11D3-BF4B-00C04F79EFBC}") = "ForgeFPS.Games.Abstractions", "src\ForgeFPS.Games.Abstractions\ForgeFPS.Games.Abstractions.csproj", "{F619BA1A-EFC9-4B73-96CB-483E5CFECA27}"
EndProject
Project("{FAE04EC0-301F-11D3-BF4B-00C04F79EFBC}") = "ForgeFPS.Games.CS2", "src\ForgeFPS.Games.CS2\ForgeFPS.Games.CS2.csproj", "{8B140827-3227-4A1E-989F-A846D9BCD36A}"
EndProject
Project("{FAE04EC0-301F-11D3-BF4B-00C04F79EFBC}") = "ForgeFPS.Benchmarking", "src\ForgeFPS.Benchmarking\ForgeFPS.Benchmarking.csproj", "{4694CA1C-60AF-42C6-B845-240B7EE747FA}"
EndProject
Project("{2150E333-8FDC-42A3-9474-1A3956D46DE8}") = "tests", "tests", "{2C7B6548-786C-4BD3-9C6B-2AFD3AF01770}"
EndProject
Project("{FAE04EC0-301F-11D3-BF4B-00C04F79EFBC}") = "ForgeFPS.Domain.Tests", "tests\ForgeFPS.Domain.Tests\ForgeFPS.Domain.Tests.csproj", "{AFED0AF9-3100-4FA2-9302-2EFFF33E6BD7}"
EndProject
Project("{FAE04EC0-301F-11D3-BF4B-00C04F79EFBC}") = "ForgeFPS.Application.Tests", "tests\ForgeFPS.Application.Tests\ForgeFPS.Application.Tests.csproj", "{55DC8C85-93F3-4E49-A598-37092E178972}"
EndProject
Project("{FAE04EC0-301F-11D3-BF4B-00C04F79EFBC}") = "ForgeFPS.Benchmarking.Tests", "tests\ForgeFPS.Benchmarking.Tests\ForgeFPS.Benchmarking.Tests.csproj", "{30A54EE0-B080-4B19-AB3C-4CB252DDE87B}"
EndProject
Project("{FAE04EC0-301F-11D3-BF4B-00C04F79EFBC}") = "ForgeFPS.App", "src\ForgeFPS.App\ForgeFPS.App.csproj", "{BA8EBA34-FEAA-4912-9BD0-F4AE3F9373F2}"
EndProject
Project("{FAE04EC0-301F-11D3-BF4B-00C04F79EFBC}") = "ForgeFPS.Games.CS2.Tests", "tests\ForgeFPS.Games.CS2.Tests\ForgeFPS.Games.CS2.Tests.csproj", "{56FDD333-E5FE-4F60-89C2-FEF7427D01A0}"
EndProject
Global
	GlobalSection(SolutionConfigurationPlatforms) = preSolution
		Debug|Any CPU = Debug|Any CPU
		Release|Any CPU = Release|Any CPU
	EndGlobalSection
	GlobalSection(SolutionProperties) = preSolution
		HideSolutionNode = FALSE
	EndGlobalSection
	GlobalSection(ProjectConfigurationPlatforms) = postSolution
		{DEA97E9C-819C-4F4F-A4F9-5002428347FB}.Debug|Any CPU.ActiveCfg = Debug|Any CPU
		{DEA97E9C-819C-4F4F-A4F9-5002428347FB}.Debug|Any CPU.Build.0 = Debug|Any CPU
		{DEA97E9C-819C-4F4F-A4F9-5002428347FB}.Release|Any CPU.ActiveCfg = Release|Any CPU
		{DEA97E9C-819C-4F4F-A4F9-5002428347FB}.Release|Any CPU.Build.0 = Release|Any CPU
		{AFDE648D-D902-4367-97B4-8C068A86C117}.Debug|Any CPU.ActiveCfg = Debug|Any CPU
		{AFDE648D-D902-4367-97B4-8C068A86C117}.Debug|Any CPU.Build.0 = Debug|Any CPU
		{AFDE648D-D902-4367-97B4-8C068A86C117}.Release|Any CPU.ActiveCfg = Release|Any CPU
		{AFDE648D-D902-4367-97B4-8C068A86C117}.Release|Any CPU.Build.0 = Release|Any CPU
		{B24CCD63-8597-463D-9F26-568A4C1B2E37}.Debug|Any CPU.ActiveCfg = Debug|Any CPU
		{B24CCD63-8597-463D-9F26-568A4C1B2E37}.Debug|Any CPU.Build.0 = Debug|Any CPU
		{B24CCD63-8597-463D-9F26-568A4C1B2E37}.Release|Any CPU.ActiveCfg = Release|Any CPU
		{B24CCD63-8597-463D-9F26-568A4C1B2E37}.Release|Any CPU.Build.0 = Release|Any CPU
		{AAD02E70-06AB-408E-83B2-F99ED850700D}.Debug|Any CPU.ActiveCfg = Debug|Any CPU
		{AAD02E70-06AB-408E-83B2-F99ED850700D}.Debug|Any CPU.Build.0 = Debug|Any CPU
		{AAD02E70-06AB-408E-83B2-F99ED850700D}.Release|Any CPU.ActiveCfg = Release|Any CPU
		{AAD02E70-06AB-408E-83B2-F99ED850700D}.Release|Any CPU.Build.0 = Release|Any CPU
		{1FBB046B-8C6D-4235-B273-F27039419F3D}.Debug|Any CPU.ActiveCfg = Debug|Any CPU
		{1FBB046B-8C6D-4235-B273-F27039419F3D}.Debug|Any CPU.Build.0 = Debug|Any CPU
		{1FBB046B-8C6D-4235-B273-F27039419F3D}.Release|Any CPU.ActiveCfg = Release|Any CPU
		{1FBB046B-8C6D-4235-B273-F27039419F3D}.Release|Any CPU.Build.0 = Release|Any CPU
		{8ED532BD-9AAB-40A8-A85E-3F3C4E200EBC}.Debug|Any CPU.ActiveCfg = Debug|Any CPU
		{8ED532BD-9AAB-40A8-A85E-3F3C4E200EBC}.Debug|Any CPU.Build.0 = Debug|Any CPU
		{8ED532BD-9AAB-40A8-A85E-3F3C4E200EBC}.Release|Any CPU.ActiveCfg = Release|Any CPU
		{8ED532BD-9AAB-40A8-A85E-3F3C4E200EBC}.Release|Any CPU.Build.0 = Release|Any CPU
		{F619BA1A-EFC9-4B73-96CB-483E5CFECA27}.Debug|Any CPU.ActiveCfg = Debug|Any CPU
		{F619BA1A-EFC9-4B73-96CB-483E5CFECA27}.Debug|Any CPU.Build.0 = Debug|Any CPU
		{F619BA1A-EFC9-4B73-96CB-483E5CFECA27}.Release|Any CPU.ActiveCfg = Release|Any CPU
		{F619BA1A-EFC9-4B73-96CB-483E5CFECA27}.Release|Any CPU.Build.0 = Release|Any CPU
		{8B140827-3227-4A1E-989F-A846D9BCD36A}.Debug|Any CPU.ActiveCfg = Debug|Any CPU
		{8B140827-3227-4A1E-989F-A846D9BCD36A}.Debug|Any CPU.Build.0 = Debug|Any CPU
		{8B140827-3227-4A1E-989F-A846D9BCD36A}.Release|Any CPU.ActiveCfg = Release|Any CPU
		{8B140827-3227-4A1E-989F-A846D9BCD36A}.Release|Any CPU.Build.0 = Release|Any CPU
		{4694CA1C-60AF-42C6-B845-240B7EE747FA}.Debug|Any CPU.ActiveCfg = Debug|Any CPU
		{4694CA1C-60AF-42C6-B845-240B7EE747FA}.Debug|Any CPU.Build.0 = Debug|Any CPU
		{4694CA1C-60AF-42C6-B845-240B7EE747FA}.Release|Any CPU.ActiveCfg = Release|Any CPU
		{4694CA1C-60AF-42C6-B845-240B7EE747FA}.Release|Any CPU.Build.0 = Release|Any CPU
		{AFED0AF9-3100-4FA2-9302-2EFFF33E6BD7}.Debug|Any CPU.ActiveCfg = Debug|Any CPU
		{AFED0AF9-3100-4FA2-9302-2EFFF33E6BD7}.Debug|Any CPU.Build.0 = Debug|Any CPU
		{AFED0AF9-3100-4FA2-9302-2EFFF33E6BD7}.Release|Any CPU.ActiveCfg = Release|Any CPU
		{AFED0AF9-3100-4FA2-9302-2EFFF33E6BD7}.Release|Any CPU.Build.0 = Release|Any CPU
		{55DC8C85-93F3-4E49-A598-37092E178972}.Debug|Any CPU.ActiveCfg = Debug|Any CPU
		{55DC8C85-93F3-4E49-A598-37092E178972}.Debug|Any CPU.Build.0 = Debug|Any CPU
		{55DC8C85-93F3-4E49-A598-37092E178972}.Release|Any CPU.ActiveCfg = Release|Any CPU
		{55DC8C85-93F3-4E49-A598-37092E178972}.Release|Any CPU.Build.0 = Release|Any CPU
		{30A54EE0-B080-4B19-AB3C-4CB252DDE87B}.Debug|Any CPU.ActiveCfg = Debug|Any CPU
		{30A54EE0-B080-4B19-AB3C-4CB252DDE87B}.Debug|Any CPU.Build.0 = Debug|Any CPU
		{30A54EE0-B080-4B19-AB3C-4CB252DDE87B}.Release|Any CPU.ActiveCfg = Release|Any CPU
		{30A54EE0-B080-4B19-AB3C-4CB252DDE87B}.Release|Any CPU.Build.0 = Release|Any CPU
		{BA8EBA34-FEAA-4912-9BD0-F4AE3F9373F2}.Debug|Any CPU.ActiveCfg = Debug|x64
		{BA8EBA34-FEAA-4912-9BD0-F4AE3F9373F2}.Debug|Any CPU.Build.0 = Debug|x64
		{BA8EBA34-FEAA-4912-9BD0-F4AE3F9373F2}.Release|Any CPU.ActiveCfg = Release|x64
		{BA8EBA34-FEAA-4912-9BD0-F4AE3F9373F2}.Release|Any CPU.Build.0 = Release|x64
		{56FDD333-E5FE-4F60-89C2-FEF7427D01A0}.Debug|Any CPU.ActiveCfg = Debug|Any CPU
		{56FDD333-E5FE-4F60-89C2-FEF7427D01A0}.Debug|Any CPU.Build.0 = Debug|Any CPU
		{56FDD333-E5FE-4F60-89C2-FEF7427D01A0}.Release|Any CPU.ActiveCfg = Release|Any CPU
		{56FDD333-E5FE-4F60-89C2-FEF7427D01A0}.Release|Any CPU.Build.0 = Release|Any CPU
	EndGlobalSection
	GlobalSection(NestedProjects) = preSolution
		{DEA97E9C-819C-4F4F-A4F9-5002428347FB} = {EB62D9FF-D539-4110-85DA-AB5A674B3B7B}
		{AFDE648D-D902-4367-97B4-8C068A86C117} = {EB62D9FF-D539-4110-85DA-AB5A674B3B7B}
		{B24CCD63-8597-463D-9F26-568A4C1B2E37} = {EB62D9FF-D539-4110-85DA-AB5A674B3B7B}
		{AAD02E70-06AB-408E-83B2-F99ED850700D} = {EB62D9FF-D539-4110-85DA-AB5A674B3B7B}
		{1FBB046B-8C6D-4235-B273-F27039419F3D} = {EB62D9FF-D539-4110-85DA-AB5A674B3B7B}
		{8ED532BD-9AAB-40A8-A85E-3F3C4E200EBC} = {EB62D9FF-D539-4110-85DA-AB5A674B3B7B}
		{F619BA1A-EFC9-4B73-96CB-483E5CFECA27} = {EB62D9FF-D539-4110-85DA-AB5A674B3B7B}
		{8B140827-3227-4A1E-989F-A846D9BCD36A} = {EB62D9FF-D539-4110-85DA-AB5A674B3B7B}
		{4694CA1C-60AF-42C6-B845-240B7EE747FA} = {EB62D9FF-D539-4110-85DA-AB5A674B3B7B}
		{AFED0AF9-3100-4FA2-9302-2EFFF33E6BD7} = {2C7B6548-786C-4BD3-9C6B-2AFD3AF01770}
		{55DC8C85-93F3-4E49-A598-37092E178972} = {2C7B6548-786C-4BD3-9C6B-2AFD3AF01770}
		{30A54EE0-B080-4B19-AB3C-4CB252DDE87B} = {2C7B6548-786C-4BD3-9C6B-2AFD3AF01770}
		{BA8EBA34-FEAA-4912-9BD0-F4AE3F9373F2} = {EB62D9FF-D539-4110-85DA-AB5A674B3B7B}
		{56FDD333-E5FE-4F60-89C2-FEF7427D01A0} = {2C7B6548-786C-4BD3-9C6B-2AFD3AF01770}
	EndGlobalSection
EndGlobal
